
Microsoft Visual Studio Solution File, Format Version 12.00
# Visual Studio 2013
VisualStudioVersion = 12.0.31101.0
MinimumVisualStudioVersion = 10.0.40219.1
Project("{FAE04EC0-301F-11D3-BF4B-00C04F79EFBC}") = "01. NumsFromOneToN", "01. NumsFromOneToN\01. NumsFromOneToN.csproj", "{2C00E887-DF52-435F-9DD2-C23B87988E4B}"
EndProject
Project("{FAE04EC0-301F-11D3-BF4B-00C04F79EFBC}") = "02. NotDivisibleBy3and7", "02. NotDivisibleBy3and7\02. NotDivisibleBy3and7.csproj", "{F4C1EBA4-5B70-43CF-98F7-327E53A4B765}"
EndProject
Project("{FAE04EC0-301F-11D3-BF4B-00C04F79EFBC}") = "03. MinMaxSumAverage", "03. MinMaxSumAverage\03. MinMaxSumAverage.csproj", "{3255373C-A370-403E-AF03-14FA0A15BC41}"
EndProject
Project("{FAE04EC0-301F-11D3-BF4B-00C04F79EFBC}") = "04. PrintDeck52Cards", "04. PrintDeck52Cards\04. PrintDeck52Cards.csproj", "{6058828A-59E8-45E0-B6DB-DB15C693A9AB}"
EndProject
Project("{FAE04EC0-301F-11D3-BF4B-00C04F79EFBC}") = "05. CalcEquationFactorial", "05. CalcEquationFactorial\05. CalcEquationFactorial.csproj", "{71294196-38F8-44B2-9E71-C959E8DA442F}"
EndProject
Project("{FAE04EC0-301F-11D3-BF4B-00C04F79EFBC}") = "08. CatalanNums", "08. CatalanNums\08. CatalanNums.csproj", "{3CA23206-8368-4EB4-8834-BD779F83E473}"
EndProject
Project("{FAE04EC0-301F-11D3-BF4B-00C04F79EFBC}") = "09. MatrixOfNumbers", "09. MatrixOfNumbers\09. MatrixOfNumbers.csproj", "{752ECA0E-4813-4722-B7A1-6831F36250AC}"
EndProject
Project("{FAE04EC0-301F-11D3-BF4B-00C04F79EFBC}") = "10. OddEvenProduct", "10. OddEvenProduct\10. OddEvenProduct.csproj", "{6D92B737-64B7-4A4F-AB44-E2B9DE8823D0}"
EndProject
Project("{FAE04EC0-301F-11D3-BF4B-00C04F79EFBC}") = "11. RandomNumsGivenRange", "11. RandomNumsGivenRange\11. RandomNumsGivenRange.csproj", "{CEC52ABA-7164-4B6B-BFE2-A09B6D842109}"
EndProject
Project("{FAE04EC0-301F-11D3-BF4B-00C04F79EFBC}") = "13. BinToDec", "13. BinToDec\13. BinToDec.csproj", "{FE51305E-3A6D-41E0-8E2C-E92374A0378A}"
EndProject
Project("{FAE04EC0-301F-11D3-BF4B-00C04F79EFBC}") = "14. DecToBin", "14. DecToBin\14. DecToBin.csproj", "{70CEA564-DD40-4237-B76E-92A7E1BA9E04}"
EndProject
Project("{FAE04EC0-301F-11D3-BF4B-00C04F79EFBC}") = "15. HexToDec", "15. HexToDec\15. HexToDec.csproj", "{135DDDFA-644E-4F0E-8B9E-3DBDDAFF1563}"
EndProject
Project("{FAE04EC0-301F-11D3-BF4B-00C04F79EFBC}") = "16. DecToHex", "16. DecToHex\16. DecToHex.csproj", "{EE9E6512-85EF-4877-8415-82992A43EC6D}"
EndProject
Project("{FAE04EC0-301F-11D3-BF4B-00C04F79EFBC}") = "18. TrailingZeroesInNFact", "18. TrailingZeroesInNFact\18. TrailingZeroesInNFact.csproj", "{FE9B8363-01D0-4D56-9907-992066F6A0B5}"
EndProject
Project("{FAE04EC0-301F-11D3-BF4B-00C04F79EFBC}") = "19. SpiralMatrix", "19. SpiralMatrix\19. SpiralMatrix.csproj", "{15E16E1C-5DA5-4167-A38E-F5D9A4AF932B}"
EndProject
Project("{FAE04EC0-301F-11D3-BF4B-00C04F79EFBC}") = "20. ExamSchedule", "20. ExamSchedule\20. ExamSchedule.csproj", "{2DA8C263-C8DE-442E-9900-3D863F3A43A1}"
EndProject
Project("{FAE04EC0-301F-11D3-BF4B-00C04F79EFBC}") = "21. OddEvenElements", "21. OddEvenElements\21. OddEvenElements.csproj", "{86D34144-1B6A-4B15-A91E-257BFABFCA5E}"
EndProject
Project("{FAE04EC0-301F-11D3-BF4B-00C04F79EFBC}") = "22. Arrow", "22. Arrow\22. Arrow.csproj", "{F29E264E-EC74-44B4-8F4F-B33E4029299E}"
EndProject
Global
	GlobalSection(SolutionConfigurationPlatforms) = preSolution
		Debug|Any CPU = Debug|Any CPU
		Release|Any CPU = Release|Any CPU
	EndGlobalSection
	GlobalSection(ProjectConfigurationPlatforms) = postSolution
		{2C00E887-DF52-435F-9DD2-C23B87988E4B}.Debug|Any CPU.ActiveCfg = Debug|Any CPU
		{2C00E887-DF52-435F-9DD2-C23B87988E4B}.Debug|Any CPU.Build.0 = Debug|Any CPU
		{2C00E887-DF52-435F-9DD2-C23B87988E4B}.Release|Any CPU.ActiveCfg = Release|Any CPU
		{2C00E887-DF52-435F-9DD2-C23B87988E4B}.Release|Any CPU.Build.0 = Release|Any CPU
		{F4C1EBA4-5B70-43CF-98F7-327E53A4B765}.Debug|Any CPU.ActiveCfg = Debug|Any CPU
		{F4C1EBA4-5B70-43CF-98F7-327E53A4B765}.Debug|Any CPU.Build.0 = Debug|Any CPU
		{F4C1EBA4-5B70-43CF-98F7-327E53A4B765}.Release|Any CPU.ActiveCfg = Release|Any CPU
		{F4C1EBA4-5B70-43CF-98F7-327E53A4B765}.Release|Any CPU.Build.0 = Release|Any CPU
		{3255373C-A370-403E-AF03-14FA0A15BC41}.Debug|Any CPU.ActiveCfg = Debug|Any CPU
		{3255373C-A370-403E-AF03-14FA0A15BC41}.Debug|Any CPU.Build.0 = Debug|Any CPU
		{3255373C-A370-403E-AF03-14FA0A15BC41}.Release|Any CPU.ActiveCfg = Release|Any CPU
		{3255373C-A370-403E-AF03-14FA0A15BC41}.Release|Any CPU.Build.0 = Release|Any CPU
		{6058828A-59E8-45E0-B6DB-DB15C693A9AB}.Debug|Any CPU.ActiveCfg = Debug|Any CPU
		{6058828A-59E8-45E0-B6DB-DB15C693A9AB}.Debug|Any CPU.Build.0 = Debug|Any CPU
		{6058828A-59E8-45E0-B6DB-DB15C693A9AB}.Release|Any CPU.ActiveCfg = Release|Any CPU
		{6058828A-59E8-45E0-B6DB-DB15C693A9AB}.Release|Any CPU.Build.0 = Release|Any CPU
		{71294196-38F8-44B2-9E71-C959E8DA442F}.Debug|Any CPU.ActiveCfg = Debug|Any CPU
		{71294196-38F8-44B2-9E71-C959E8DA442F}.Debug|Any CPU.Build.0 = Debug|Any CPU
		{71294196-38F8-44B2-9E71-C959E8DA442F}.Release|Any CPU.ActiveCfg = Release|Any CPU
		{71294196-38F8-44B2-9E71-C959E8DA442F}.Release|Any CPU.Build.0 = Release|Any CPU
		{3CA23206-8368-4EB4-8834-BD779F83E473}.Debug|Any CPU.ActiveCfg = Debug|Any CPU
		{3CA23206-8368-4EB4-8834-BD779F83E473}.Debug|Any CPU.Build.0 = Debug|Any CPU
		{3CA23206-8368-4EB4-8834-BD779F83E473}.Release|Any CPU.ActiveCfg = Release|Any CPU
		{3CA23206-8368-4EB4-8834-BD779F83E473}.Release|Any CPU.Build.0 = Release|Any CPU
		{752ECA0E-4813-4722-B7A1-6831F36250AC}.Debug|Any CPU.ActiveCfg = Debug|Any CPU
		{752ECA0E-4813-4722-B7A1-6831F36250AC}.Debug|Any CPU.Build.0 = Debug|Any CPU
		{752ECA0E-4813-4722-B7A1-6831F36250AC}.Release|Any CPU.ActiveCfg = Release|Any CPU
		{752ECA0E-4813-4722-B7A1-6831F36250AC}.Release|Any CPU.Build.0 = Release|Any CPU
		{6D92B737-64B7-4A4F-AB44-E2B9DE8823D0}.Debug|Any CPU.ActiveCfg = Debug|Any CPU
		{6D92B737-64B7-4A4F-AB44-E2B9DE8823D0}.Debug|Any CPU.Build.0 = Debug|Any CPU
		{6D92B737-64B7-4A4F-AB44-E2B9DE8823D0}.Release|Any CPU.ActiveCfg = Release|Any CPU
		{6D92B737-64B7-4A4F-AB44-E2B9DE8823D0}.Release|Any CPU.Build.0 = Release|Any CPU
		{CEC52ABA-7164-4B6B-BFE2-A09B6D842109}.Debug|Any CPU.ActiveCfg = Debug|Any CPU
		{CEC52ABA-7164-4B6B-BFE2-A09B6D842109}.Debug|Any CPU.Build.0 = Debug|Any CPU
		{CEC52ABA-7164-4B6B-BFE2-A09B6D842109}.Release|Any CPU.ActiveCfg = Release|Any CPU
		{CEC52ABA-7164-4B6B-BFE2-A09B6D842109}.Release|Any CPU.Build.0 = Release|Any CPU
		{FE51305E-3A6D-41E0-8E2C-E92374A0378A}.Debug|Any CPU.ActiveCfg = Debug|Any CPU
		{FE51305E-3A6D-41E0-8E2C-E92374A0378A}.Debug|Any CPU.Build.0 = Debug|Any CPU
		{FE51305E-3A6D-41E0-8E2C-E92374A0378A}.Release|Any CPU.ActiveCfg = Release|Any CPU
		{FE51305E-3A6D-41E0-8E2C-E92374A0378A}.Release|Any CPU.Build.0 = Release|Any CPU
		{70CEA564-DD40-4237-B76E-92A7E1BA9E04}.Debug|Any CPU.ActiveCfg = Debug|Any CPU
		{70CEA564-DD40-4237-B76E-92A7E1BA9E04}.Debug|Any CPU.Build.0 = Debug|Any CPU
		{70CEA564-DD40-4237-B76E-92A7E1BA9E04}.Release|Any CPU.ActiveCfg = Release|Any CPU
		{70CEA564-DD40-4237-B76E-92A7E1BA9E04}.Release|Any CPU.Build.0 = Release|Any CPU
		{135DDDFA-644E-4F0E-8B9E-3DBDDAFF1563}.Debug|Any CPU.ActiveCfg = Debug|Any CPU
		{135DDDFA-644E-4F0E-8B9E-3DBDDAFF1563}.Debug|Any CPU.Build.0 = Debug|Any CPU
		{135DDDFA-644E-4F0E-8B9E-3DBDDAFF1563}.Release|Any CPU.ActiveCfg = Release|Any CPU
		{135DDDFA-644E-4F0E-8B9E-3DBDDAFF1563}.Release|Any CPU.Build.0 = Release|Any CPU
		{EE9E6512-85EF-4877-8415-82992A43EC6D}.Debug|Any CPU.ActiveCfg = Debug|Any CPU
		{EE9E6512-85EF-4877-8415-82992A43EC6D}.Debug|Any CPU.Build.0 = Debug|Any CPU
		{EE9E6512-85EF-4877-8415-82992A43EC6D}.Release|Any CPU.ActiveCfg = Release|Any CPU
		{EE9E6512-85EF-4877-8415-82992A43EC6D}.Release|Any CPU.Build.0 = Release|Any CPU
		{FE9B8363-01D0-4D56-9907-992066F6A0B5}.Debug|Any CPU.ActiveCfg = Debug|Any CPU
		{FE9B8363-01D0-4D56-9907-992066F6A0B5}.Debug|Any CPU.Build.0 = Debug|Any CPU
		{FE9B8363-01D0-4D56-9907-992066F6A0B5}.Release|Any CPU.ActiveCfg = Release|Any CPU
		{FE9B8363-01D0-4D56-9907-992066F6A0B5}.Release|Any CPU.Build.0 = Release|Any CPU
		{15E16E1C-5DA5-4167-A38E-F5D9A4AF932B}.Debug|Any CPU.ActiveCfg = Debug|Any CPU
		{15E16E1C-5DA5-4167-A38E-F5D9A4AF932B}.Debug|Any CPU.Build.0 = Debug|Any CPU
		{15E16E1C-5DA5-4167-A38E-F5D9A4AF932B}.Release|Any CPU.ActiveCfg = Release|Any CPU
		{15E16E1C-5DA5-4167-A38E-F5D9A4AF932B}.Release|Any CPU.Build.0 = Release|Any CPU
		{2DA8C263-C8DE-442E-9900-3D863F3A43A1}.Debug|Any CPU.ActiveCfg = Debug|Any CPU
		{2DA8C263-C8DE-442E-9900-3D863F3A43A1}.Debug|Any CPU.Build.0 = Debug|Any CPU
		{2DA8C263-C8DE-442E-9900-3D863F3A43A1}.Release|Any CPU.ActiveCfg = Release|Any CPU
		{2DA8C263-C8DE-442E-9900-3D863F3A43A1}.Release|Any CPU.Build.0 = Release|Any CPU
		{86D34144-1B6A-4B15-A91E-257BFABFCA5E}.Debug|Any CPU.ActiveCfg = Debug|Any CPU
		{86D34144-1B6A-4B15-A91E-257BFABFCA5E}.Debug|Any CPU.Build.0 = Debug|Any CPU
		{86D34144-1B6A-4B15-A91E-257BFABFCA5E}.Release|Any CPU.ActiveCfg = Release|Any CPU
		{86D34144-1B6A-4B15-A91E-257BFABFCA5E}.Release|Any CPU.Build.0 = Release|Any CPU
		{F29E264E-EC74-44B4-8F4F-B33E4029299E}.Debug|Any CPU.ActiveCfg = Debug|Any CPU
		{F29E264E-EC74-44B4-8F4F-B33E4029299E}.Debug|Any CPU.Build.0 = Debug|Any CPU
		{F29E264E-EC74-44B4-8F4F-B33E4029299E}.Release|Any CPU.ActiveCfg = Release|Any CPU
		{F29E264E-EC74-44B4-8F4F-B33E4029299E}.Release|Any CPU.Build.0 = Release|Any CPU
	EndGlobalSection
	GlobalSection(SolutionProperties) = preSolution
		HideSolutionNode = FALSE
	EndGlobalSection
EndGlobal
