
Microsoft Visual Studio Solution File, Format Version 12.00
# Visual Studio 2013
VisualStudioVersion = 12.0.31101.0
MinimumVisualStudioVersion = 10.0.40219.1
Project("{FAE04EC0-301F-11D3-BF4B-00C04F79EFBC}") = "01. ExchangeIfGreater", "01. ExchangeIfGreater\01. ExchangeIfGreater.csproj", "{38171FFD-E159-4A88-A8E6-5ED9C9958451}"
EndProject
Project("{FAE04EC0-301F-11D3-BF4B-00C04F79EFBC}") = "02. BonusScore", "02. BonusScore\02. BonusScore.csproj", "{A2A0DCCC-4BA4-421C-A411-2248CE3E6237}"
EndProject
Project("{FAE04EC0-301F-11D3-BF4B-00C04F79EFBC}") = "03. CheckForAPlayCard", "03. CheckForAPlayCard\03. CheckForAPlayCard.csproj", "{696A5BEB-3B6C-4AE9-9815-310FFFB5F913}"
EndProject
Project("{FAE04EC0-301F-11D3-BF4B-00C04F79EFBC}") = "05. TheBiggestOf3Nums", "05. TheBiggestOf3Nums\05. TheBiggestOf3Nums.csproj", "{7C924C47-7559-4954-93DC-56D1C343563E}"
EndProject
Project("{FAE04EC0-301F-11D3-BF4B-00C04F79EFBC}") = "06. TheBiggestOfFiveNumbers", "06. TheBiggestOfFiveNumbers\06. TheBiggestOfFiveNumbers.csproj", "{1880B42C-A52F-4142-A596-D60401DCEF43}"
EndProject
Project("{FAE04EC0-301F-11D3-BF4B-00C04F79EFBC}") = "07. NumsWithNestedIfs", "07. NumsWithNestedIfs\07. NumsWithNestedIfs.csproj", "{5077902C-1804-46CA-8403-E9FC87DB9285}"
EndProject
Project("{FAE04EC0-301F-11D3-BF4B-00C04F79EFBC}") = "08. DigitAsWord", "08. DigitAsWord\08. DigitAsWord.csproj", "{8BF2F627-D53B-4845-9E1E-A69E28A4408A}"
EndProject
Project("{FAE04EC0-301F-11D3-BF4B-00C04F79EFBC}") = "09. PlayWithTypes", "09. PlayWithTypes\09. PlayWithTypes.csproj", "{4CE0381C-4E44-4D7B-B8E4-D20AA330CDF2}"
EndProject
Project("{FAE04EC0-301F-11D3-BF4B-00C04F79EFBC}") = "10 BeerTime", "10 BeerTime\10 BeerTime.csproj", "{55B5549C-006F-4584-94B1-C63B6758260B}"
EndProject
Project("{FAE04EC0-301F-11D3-BF4B-00C04F79EFBC}") = "11. NumberAsWords", "11. NumberAsWords\11. NumberAsWords.csproj", "{B1F0D400-D6EF-466B-9C7B-72B8AEB91BE7}"
EndProject
Project("{FAE04EC0-301F-11D3-BF4B-00C04F79EFBC}") = "04. MultiplicationSign", "04. MultiplicationSign\04. MultiplicationSign.csproj", "{D7BB030C-17C6-4974-8806-955B06A530E5}"
EndProject
Project("{FAE04EC0-301F-11D3-BF4B-00C04F79EFBC}") = "14. Pairs", "14. Pairs\14. Pairs.csproj", "{39948704-FF17-4CE2-A165-7930842BF0C1}"
EndProject
Project("{FAE04EC0-301F-11D3-BF4B-00C04F79EFBC}") = "15. House", "15. House\15. House.csproj", "{A4A84D38-201D-4974-AEBE-871F28AEE871}"
EndProject
Project("{FAE04EC0-301F-11D3-BF4B-00C04F79EFBC}") = "13. Triangle", "13. Triangle\13. Triangle.csproj", "{0A989500-09A6-4937-A530-67BA87635733}"
EndProject
Project("{FAE04EC0-301F-11D3-BF4B-00C04F79EFBC}") = "17. BitKiller", "17. BitKiller\17. BitKiller.csproj", "{99DA8200-3A99-4F6C-A184-7ADB4B5BB7A2}"
EndProject
Global
	GlobalSection(SolutionConfigurationPlatforms) = preSolution
		Debug|Any CPU = Debug|Any CPU
		Release|Any CPU = Release|Any CPU
	EndGlobalSection
	GlobalSection(ProjectConfigurationPlatforms) = postSolution
		{38171FFD-E159-4A88-A8E6-5ED9C9958451}.Debug|Any CPU.ActiveCfg = Debug|Any CPU
		{38171FFD-E159-4A88-A8E6-5ED9C9958451}.Debug|Any CPU.Build.0 = Debug|Any CPU
		{38171FFD-E159-4A88-A8E6-5ED9C9958451}.Release|Any CPU.ActiveCfg = Release|Any CPU
		{38171FFD-E159-4A88-A8E6-5ED9C9958451}.Release|Any CPU.Build.0 = Release|Any CPU
		{A2A0DCCC-4BA4-421C-A411-2248CE3E6237}.Debug|Any CPU.ActiveCfg = Debug|Any CPU
		{A2A0DCCC-4BA4-421C-A411-2248CE3E6237}.Debug|Any CPU.Build.0 = Debug|Any CPU
		{A2A0DCCC-4BA4-421C-A411-2248CE3E6237}.Release|Any CPU.ActiveCfg = Release|Any CPU
		{A2A0DCCC-4BA4-421C-A411-2248CE3E6237}.Release|Any CPU.Build.0 = Release|Any CPU
		{696A5BEB-3B6C-4AE9-9815-310FFFB5F913}.Debug|Any CPU.ActiveCfg = Debug|Any CPU
		{696A5BEB-3B6C-4AE9-9815-310FFFB5F913}.Debug|Any CPU.Build.0 = Debug|Any CPU
		{696A5BEB-3B6C-4AE9-9815-310FFFB5F913}.Release|Any CPU.ActiveCfg = Release|Any CPU
		{696A5BEB-3B6C-4AE9-9815-310FFFB5F913}.Release|Any CPU.Build.0 = Release|Any CPU
		{7C924C47-7559-4954-93DC-56D1C343563E}.Debug|Any CPU.ActiveCfg = Debug|Any CPU
		{7C924C47-7559-4954-93DC-56D1C343563E}.Debug|Any CPU.Build.0 = Debug|Any CPU
		{7C924C47-7559-4954-93DC-56D1C343563E}.Release|Any CPU.ActiveCfg = Release|Any CPU
		{7C924C47-7559-4954-93DC-56D1C343563E}.Release|Any CPU.Build.0 = Release|Any CPU
		{1880B42C-A52F-4142-A596-D60401DCEF43}.Debug|Any CPU.ActiveCfg = Debug|Any CPU
		{1880B42C-A52F-4142-A596-D60401DCEF43}.Debug|Any CPU.Build.0 = Debug|Any CPU
		{1880B42C-A52F-4142-A596-D60401DCEF43}.Release|Any CPU.ActiveCfg = Release|Any CPU
		{1880B42C-A52F-4142-A596-D60401DCEF43}.Release|Any CPU.Build.0 = Release|Any CPU
		{5077902C-1804-46CA-8403-E9FC87DB9285}.Debug|Any CPU.ActiveCfg = Debug|Any CPU
		{5077902C-1804-46CA-8403-E9FC87DB9285}.Debug|Any CPU.Build.0 = Debug|Any CPU
		{5077902C-1804-46CA-8403-E9FC87DB9285}.Release|Any CPU.ActiveCfg = Release|Any CPU
		{5077902C-1804-46CA-8403-E9FC87DB9285}.Release|Any CPU.Build.0 = Release|Any CPU
		{8BF2F627-D53B-4845-9E1E-A69E28A4408A}.Debug|Any CPU.ActiveCfg = Debug|Any CPU
		{8BF2F627-D53B-4845-9E1E-A69E28A4408A}.Debug|Any CPU.Build.0 = Debug|Any CPU
		{8BF2F627-D53B-4845-9E1E-A69E28A4408A}.Release|Any CPU.ActiveCfg = Release|Any CPU
		{8BF2F627-D53B-4845-9E1E-A69E28A4408A}.Release|Any CPU.Build.0 = Release|Any CPU
		{4CE0381C-4E44-4D7B-B8E4-D20AA330CDF2}.Debug|Any CPU.ActiveCfg = Debug|Any CPU
		{4CE0381C-4E44-4D7B-B8E4-D20AA330CDF2}.Debug|Any CPU.Build.0 = Debug|Any CPU
		{4CE0381C-4E44-4D7B-B8E4-D20AA330CDF2}.Release|Any CPU.ActiveCfg = Release|Any CPU
		{4CE0381C-4E44-4D7B-B8E4-D20AA330CDF2}.Release|Any CPU.Build.0 = Release|Any CPU
		{55B5549C-006F-4584-94B1-C63B6758260B}.Debug|Any CPU.ActiveCfg = Debug|Any CPU
		{55B5549C-006F-4584-94B1-C63B6758260B}.Debug|Any CPU.Build.0 = Debug|Any CPU
		{55B5549C-006F-4584-94B1-C63B6758260B}.Release|Any CPU.ActiveCfg = Release|Any CPU
		{55B5549C-006F-4584-94B1-C63B6758260B}.Release|Any CPU.Build.0 = Release|Any CPU
		{B1F0D400-D6EF-466B-9C7B-72B8AEB91BE7}.Debug|Any CPU.ActiveCfg = Debug|Any CPU
		{B1F0D400-D6EF-466B-9C7B-72B8AEB91BE7}.Debug|Any CPU.Build.0 = Debug|Any CPU
		{B1F0D400-D6EF-466B-9C7B-72B8AEB91BE7}.Release|Any CPU.ActiveCfg = Release|Any CPU
		{B1F0D400-D6EF-466B-9C7B-72B8AEB91BE7}.Release|Any CPU.Build.0 = Release|Any CPU
		{D7BB030C-17C6-4974-8806-955B06A530E5}.Debug|Any CPU.ActiveCfg = Debug|Any CPU
		{D7BB030C-17C6-4974-8806-955B06A530E5}.Debug|Any CPU.Build.0 = Debug|Any CPU
		{D7BB030C-17C6-4974-8806-955B06A530E5}.Release|Any CPU.ActiveCfg = Release|Any CPU
		{D7BB030C-17C6-4974-8806-955B06A530E5}.Release|Any CPU.Build.0 = Release|Any CPU
		{39948704-FF17-4CE2-A165-7930842BF0C1}.Debug|Any CPU.ActiveCfg = Debug|Any CPU
		{39948704-FF17-4CE2-A165-7930842BF0C1}.Debug|Any CPU.Build.0 = Debug|Any CPU
		{39948704-FF17-4CE2-A165-7930842BF0C1}.Release|Any CPU.ActiveCfg = Release|Any CPU
		{39948704-FF17-4CE2-A165-7930842BF0C1}.Release|Any CPU.Build.0 = Release|Any CPU
		{A4A84D38-201D-4974-AEBE-871F28AEE871}.Debug|Any CPU.ActiveCfg = Debug|Any CPU
		{A4A84D38-201D-4974-AEBE-871F28AEE871}.Debug|Any CPU.Build.0 = Debug|Any CPU
		{A4A84D38-201D-4974-AEBE-871F28AEE871}.Release|Any CPU.ActiveCfg = Release|Any CPU
		{A4A84D38-201D-4974-AEBE-871F28AEE871}.Release|Any CPU.Build.0 = Release|Any CPU
		{0A989500-09A6-4937-A530-67BA87635733}.Debug|Any CPU.ActiveCfg = Debug|Any CPU
		{0A989500-09A6-4937-A530-67BA87635733}.Debug|Any CPU.Build.0 = Debug|Any CPU
		{0A989500-09A6-4937-A530-67BA87635733}.Release|Any CPU.ActiveCfg = Release|Any CPU
		{0A989500-09A6-4937-A530-67BA87635733}.Release|Any CPU.Build.0 = Release|Any CPU
		{99DA8200-3A99-4F6C-A184-7ADB4B5BB7A2}.Debug|Any CPU.ActiveCfg = Debug|Any CPU
		{99DA8200-3A99-4F6C-A184-7ADB4B5BB7A2}.Debug|Any CPU.Build.0 = Debug|Any CPU
		{99DA8200-3A99-4F6C-A184-7ADB4B5BB7A2}.Release|Any CPU.ActiveCfg = Release|Any CPU
		{99DA8200-3A99-4F6C-A184-7ADB4B5BB7A2}.Release|Any CPU.Build.0 = Release|Any CPU
	EndGlobalSection
	GlobalSection(SolutionProperties) = preSolution
		HideSolutionNode = FALSE
	EndGlobalSection
EndGlobal
