
Microsoft Visual Studio Solution File, Format Version 12.00
# Visual Studio 2013
VisualStudioVersion = 12.0.31101.0
MinimumVisualStudioVersion = 10.0.40219.1
Project("{FAE04EC0-301F-11D3-BF4B-00C04F79EFBC}") = "01. Budget", "ExamPrepare\01. Budget.csproj", "{8AA5E5DB-D67B-43A0-BCDB-8D1A0317C1D7}"
EndProject
Project("{FAE04EC0-301F-11D3-BF4B-00C04F79EFBC}") = "02. OddOrEvenCounter", "02. OddOrEvenCounter\02. OddOrEvenCounter.csproj", "{55F473A1-2900-4D25-81F9-9E2A9623745C}"
EndProject
Project("{FAE04EC0-301F-11D3-BF4B-00C04F79EFBC}") = "03. Plane", "03. Plane\03. Plane.csproj", "{8A2CEA88-0752-4414-9464-04FAD6AE43AF}"
EndProject
Project("{FAE04EC0-301F-11D3-BF4B-00C04F79EFBC}") = "01. BabaTincheAirlines", "01. BabaTincheAirlines\01. BabaTincheAirlines.csproj", "{01C211D2-6FAE-43F9-AA16-6ED389FC4CBC}"
EndProject
Project("{FAE04EC0-301F-11D3-BF4B-00C04F79EFBC}") = "01. TorrentPirate", "01. TorrentPirate\01. TorrentPirate.csproj", "{60567979-918B-492F-BA61-40EF5B13EDE2}"
EndProject
Project("{FAE04EC0-301F-11D3-BF4B-00C04F79EFBC}") = "02. BasketBattle", "02. BasketBattle\02. BasketBattle.csproj", "{E3DC1F39-3600-4C1B-A4E3-C5B4B2654026}"
EndProject
Project("{FAE04EC0-301F-11D3-BF4B-00C04F79EFBC}") = "01. TravellerBob", "01. TravellerBob\01. TravellerBob.csproj", "{A5B8F606-806C-4FC8-BD03-753CC39960BC}"
EndProject
Project("{FAE04EC0-301F-11D3-BF4B-00C04F79EFBC}") = "02. SpyHard", "02. SpyHard\02. SpyHard.csproj", "{E67ECF88-3D47-43BF-9DFA-76BCAC518204}"
EndProject
Project("{FAE04EC0-301F-11D3-BF4B-00C04F79EFBC}") = "03. Headphones", "03. Headphones\03. Headphones.csproj", "{24F890ED-88AE-48D8-8C3E-5D5D310CC101}"
EndProject
Project("{FAE04EC0-301F-11D3-BF4B-00C04F79EFBC}") = "04. SpiralMatrix", "04. SpiralMatrix\04. SpiralMatrix.csproj", "{2E69366D-4CE8-471B-838C-50D72EE017C9}"
EndProject
Project("{FAE04EC0-301F-11D3-BF4B-00C04F79EFBC}") = "05. PaintBall", "05. PaintBall\05. PaintBall.csproj", "{628ACDDA-A33E-4171-913A-AD12BDC265A6}"
EndProject
Project("{FAE04EC0-301F-11D3-BF4B-00C04F79EFBC}") = "01. CompoundInterest", "01. CompoundInterest\01. CompoundInterest.csproj", "{29549BE3-A366-4C64-B9C8-B222BF5C415C}"
EndProject
Project("{FAE04EC0-301F-11D3-BF4B-00C04F79EFBC}") = "02. Petar'sGame", "02. Petar'sGame\02. Petar'sGame.csproj", "{3E8B94F2-D509-4DAC-97EF-DF4B2693813F}"
EndProject
Project("{FAE04EC0-301F-11D3-BF4B-00C04F79EFBC}") = "04. EncryptTheMessages", "04. Encrypt the Messages\04. EncryptTheMessages.csproj", "{CF8D2751-4893-4B59-9340-0344C348B50C}"
EndProject
Project("{FAE04EC0-301F-11D3-BF4B-00C04F79EFBC}") = "03. Sunlight", "03. Sunlight\03. Sunlight.csproj", "{AAB5D6F2-7D63-408F-9CDB-95CE48763D69}"
EndProject
Project("{FAE04EC0-301F-11D3-BF4B-00C04F79EFBC}") = "MirrorPaint", "MirrorPaint\MirrorPaint.csproj", "{0FDCFEBB-FE6E-459F-B32C-FFF2CA2B750D}"
EndProject
Project("{FAE04EC0-301F-11D3-BF4B-00C04F79EFBC}") = "03. KingOfThieves", "03. KingOfThieves\03. KingOfThieves.csproj", "{33BBA113-FC08-46F1-A608-37CB12F55110}"
EndProject
Project("{FAE04EC0-301F-11D3-BF4B-00C04F79EFBC}") = "02. ChessboardGame", "02. ChessboardGame\02. ChessboardGame.csproj", "{C4D89A73-45B8-4A36-A58C-9D8C35EA835A}"
EndProject
Global
	GlobalSection(SolutionConfigurationPlatforms) = preSolution
		Debug|Any CPU = Debug|Any CPU
		Release|Any CPU = Release|Any CPU
	EndGlobalSection
	GlobalSection(ProjectConfigurationPlatforms) = postSolution
		{8AA5E5DB-D67B-43A0-BCDB-8D1A0317C1D7}.Debug|Any CPU.ActiveCfg = Debug|Any CPU
		{8AA5E5DB-D67B-43A0-BCDB-8D1A0317C1D7}.Debug|Any CPU.Build.0 = Debug|Any CPU
		{8AA5E5DB-D67B-43A0-BCDB-8D1A0317C1D7}.Release|Any CPU.ActiveCfg = Release|Any CPU
		{8AA5E5DB-D67B-43A0-BCDB-8D1A0317C1D7}.Release|Any CPU.Build.0 = Release|Any CPU
		{55F473A1-2900-4D25-81F9-9E2A9623745C}.Debug|Any CPU.ActiveCfg = Debug|Any CPU
		{55F473A1-2900-4D25-81F9-9E2A9623745C}.Debug|Any CPU.Build.0 = Debug|Any CPU
		{55F473A1-2900-4D25-81F9-9E2A9623745C}.Release|Any CPU.ActiveCfg = Release|Any CPU
		{55F473A1-2900-4D25-81F9-9E2A9623745C}.Release|Any CPU.Build.0 = Release|Any CPU
		{8A2CEA88-0752-4414-9464-04FAD6AE43AF}.Debug|Any CPU.ActiveCfg = Debug|Any CPU
		{8A2CEA88-0752-4414-9464-04FAD6AE43AF}.Debug|Any CPU.Build.0 = Debug|Any CPU
		{8A2CEA88-0752-4414-9464-04FAD6AE43AF}.Release|Any CPU.ActiveCfg = Release|Any CPU
		{8A2CEA88-0752-4414-9464-04FAD6AE43AF}.Release|Any CPU.Build.0 = Release|Any CPU
		{01C211D2-6FAE-43F9-AA16-6ED389FC4CBC}.Debug|Any CPU.ActiveCfg = Debug|Any CPU
		{01C211D2-6FAE-43F9-AA16-6ED389FC4CBC}.Debug|Any CPU.Build.0 = Debug|Any CPU
		{01C211D2-6FAE-43F9-AA16-6ED389FC4CBC}.Release|Any CPU.ActiveCfg = Release|Any CPU
		{01C211D2-6FAE-43F9-AA16-6ED389FC4CBC}.Release|Any CPU.Build.0 = Release|Any CPU
		{60567979-918B-492F-BA61-40EF5B13EDE2}.Debug|Any CPU.ActiveCfg = Debug|Any CPU
		{60567979-918B-492F-BA61-40EF5B13EDE2}.Debug|Any CPU.Build.0 = Debug|Any CPU
		{60567979-918B-492F-BA61-40EF5B13EDE2}.Release|Any CPU.ActiveCfg = Release|Any CPU
		{60567979-918B-492F-BA61-40EF5B13EDE2}.Release|Any CPU.Build.0 = Release|Any CPU
		{E3DC1F39-3600-4C1B-A4E3-C5B4B2654026}.Debug|Any CPU.ActiveCfg = Debug|Any CPU
		{E3DC1F39-3600-4C1B-A4E3-C5B4B2654026}.Debug|Any CPU.Build.0 = Debug|Any CPU
		{E3DC1F39-3600-4C1B-A4E3-C5B4B2654026}.Release|Any CPU.ActiveCfg = Release|Any CPU
		{E3DC1F39-3600-4C1B-A4E3-C5B4B2654026}.Release|Any CPU.Build.0 = Release|Any CPU
		{A5B8F606-806C-4FC8-BD03-753CC39960BC}.Debug|Any CPU.ActiveCfg = Debug|Any CPU
		{A5B8F606-806C-4FC8-BD03-753CC39960BC}.Debug|Any CPU.Build.0 = Debug|Any CPU
		{A5B8F606-806C-4FC8-BD03-753CC39960BC}.Release|Any CPU.ActiveCfg = Release|Any CPU
		{A5B8F606-806C-4FC8-BD03-753CC39960BC}.Release|Any CPU.Build.0 = Release|Any CPU
		{E67ECF88-3D47-43BF-9DFA-76BCAC518204}.Debug|Any CPU.ActiveCfg = Debug|Any CPU
		{E67ECF88-3D47-43BF-9DFA-76BCAC518204}.Debug|Any CPU.Build.0 = Debug|Any CPU
		{E67ECF88-3D47-43BF-9DFA-76BCAC518204}.Release|Any CPU.ActiveCfg = Release|Any CPU
		{E67ECF88-3D47-43BF-9DFA-76BCAC518204}.Release|Any CPU.Build.0 = Release|Any CPU
		{24F890ED-88AE-48D8-8C3E-5D5D310CC101}.Debug|Any CPU.ActiveCfg = Debug|Any CPU
		{24F890ED-88AE-48D8-8C3E-5D5D310CC101}.Debug|Any CPU.Build.0 = Debug|Any CPU
		{24F890ED-88AE-48D8-8C3E-5D5D310CC101}.Release|Any CPU.ActiveCfg = Release|Any CPU
		{24F890ED-88AE-48D8-8C3E-5D5D310CC101}.Release|Any CPU.Build.0 = Release|Any CPU
		{2E69366D-4CE8-471B-838C-50D72EE017C9}.Debug|Any CPU.ActiveCfg = Debug|Any CPU
		{2E69366D-4CE8-471B-838C-50D72EE017C9}.Debug|Any CPU.Build.0 = Debug|Any CPU
		{2E69366D-4CE8-471B-838C-50D72EE017C9}.Release|Any CPU.ActiveCfg = Release|Any CPU
		{2E69366D-4CE8-471B-838C-50D72EE017C9}.Release|Any CPU.Build.0 = Release|Any CPU
		{628ACDDA-A33E-4171-913A-AD12BDC265A6}.Debug|Any CPU.ActiveCfg = Debug|Any CPU
		{628ACDDA-A33E-4171-913A-AD12BDC265A6}.Debug|Any CPU.Build.0 = Debug|Any CPU
		{628ACDDA-A33E-4171-913A-AD12BDC265A6}.Release|Any CPU.ActiveCfg = Release|Any CPU
		{628ACDDA-A33E-4171-913A-AD12BDC265A6}.Release|Any CPU.Build.0 = Release|Any CPU
		{29549BE3-A366-4C64-B9C8-B222BF5C415C}.Debug|Any CPU.ActiveCfg = Debug|Any CPU
		{29549BE3-A366-4C64-B9C8-B222BF5C415C}.Debug|Any CPU.Build.0 = Debug|Any CPU
		{29549BE3-A366-4C64-B9C8-B222BF5C415C}.Release|Any CPU.ActiveCfg = Release|Any CPU
		{29549BE3-A366-4C64-B9C8-B222BF5C415C}.Release|Any CPU.Build.0 = Release|Any CPU
		{3E8B94F2-D509-4DAC-97EF-DF4B2693813F}.Debug|Any CPU.ActiveCfg = Debug|Any CPU
		{3E8B94F2-D509-4DAC-97EF-DF4B2693813F}.Debug|Any CPU.Build.0 = Debug|Any CPU
		{3E8B94F2-D509-4DAC-97EF-DF4B2693813F}.Release|Any CPU.ActiveCfg = Release|Any CPU
		{3E8B94F2-D509-4DAC-97EF-DF4B2693813F}.Release|Any CPU.Build.0 = Release|Any CPU
		{CF8D2751-4893-4B59-9340-0344C348B50C}.Debug|Any CPU.ActiveCfg = Debug|Any CPU
		{CF8D2751-4893-4B59-9340-0344C348B50C}.Debug|Any CPU.Build.0 = Debug|Any CPU
		{CF8D2751-4893-4B59-9340-0344C348B50C}.Release|Any CPU.ActiveCfg = Release|Any CPU
		{CF8D2751-4893-4B59-9340-0344C348B50C}.Release|Any CPU.Build.0 = Release|Any CPU
		{AAB5D6F2-7D63-408F-9CDB-95CE48763D69}.Debug|Any CPU.ActiveCfg = Debug|Any CPU
		{AAB5D6F2-7D63-408F-9CDB-95CE48763D69}.Debug|Any CPU.Build.0 = Debug|Any CPU
		{AAB5D6F2-7D63-408F-9CDB-95CE48763D69}.Release|Any CPU.ActiveCfg = Release|Any CPU
		{AAB5D6F2-7D63-408F-9CDB-95CE48763D69}.Release|Any CPU.Build.0 = Release|Any CPU
		{0FDCFEBB-FE6E-459F-B32C-FFF2CA2B750D}.Debug|Any CPU.ActiveCfg = Debug|Any CPU
		{0FDCFEBB-FE6E-459F-B32C-FFF2CA2B750D}.Debug|Any CPU.Build.0 = Debug|Any CPU
		{0FDCFEBB-FE6E-459F-B32C-FFF2CA2B750D}.Release|Any CPU.ActiveCfg = Release|Any CPU
		{0FDCFEBB-FE6E-459F-B32C-FFF2CA2B750D}.Release|Any CPU.Build.0 = Release|Any CPU
		{33BBA113-FC08-46F1-A608-37CB12F55110}.Debug|Any CPU.ActiveCfg = Debug|Any CPU
		{33BBA113-FC08-46F1-A608-37CB12F55110}.Debug|Any CPU.Build.0 = Debug|Any CPU
		{33BBA113-FC08-46F1-A608-37CB12F55110}.Release|Any CPU.ActiveCfg = Release|Any CPU
		{33BBA113-FC08-46F1-A608-37CB12F55110}.Release|Any CPU.Build.0 = Release|Any CPU
		{C4D89A73-45B8-4A36-A58C-9D8C35EA835A}.Debug|Any CPU.ActiveCfg = Debug|Any CPU
		{C4D89A73-45B8-4A36-A58C-9D8C35EA835A}.Debug|Any CPU.Build.0 = Debug|Any CPU
		{C4D89A73-45B8-4A36-A58C-9D8C35EA835A}.Release|Any CPU.ActiveCfg = Release|Any CPU
		{C4D89A73-45B8-4A36-A58C-9D8C35EA835A}.Release|Any CPU.Build.0 = Release|Any CPU
	EndGlobalSection
	GlobalSection(SolutionProperties) = preSolution
		HideSolutionNode = FALSE
	EndGlobalSection
EndGlobal
