
Microsoft Visual Studio Solution File, Format Version 12.00
# Visual Studio 2013
VisualStudioVersion = 12.0.31101.0
MinimumVisualStudioVersion = 10.0.40219.1
Project("{FAE04EC0-301F-11D3-BF4B-00C04F79EFBC}") = "01. FibonacciNumbers", "01. FibonacciNumbers\01. FibonacciNumbers.csproj", "{4B4F1D36-DA48-4DAC-B134-C57DC55F59D2}"
EndProject
Project("{FAE04EC0-301F-11D3-BF4B-00C04F79EFBC}") = "02. PrimeChecker", "02. PrimeChecker\02. PrimeChecker.csproj", "{7430DF17-99A6-4D0F-88A5-5D5F27DCA5D8}"
EndProject
Project("{FAE04EC0-301F-11D3-BF4B-00C04F79EFBC}") = "03 PrimesInRange", "03 PrimesInRange\03 PrimesInRange.csproj", "{E322C4E7-BFD7-4137-A9FD-C85A51E4CA35}"
EndProject
Project("{FAE04EC0-301F-11D3-BF4B-00C04F79EFBC}") = "04. DifferenceBetweenDates", "04. DifferenceBetweenDates\04. DifferenceBetweenDates.csproj", "{D71D8D52-E351-4BAC-B4D8-52BFEEAC3F6F}"
EndProject
Project("{FAE04EC0-301F-11D3-BF4B-00C04F79EFBC}") = "05. SortingNumbers", "05. SortingNumbers\05. SortingNumbers.csproj", "{4173879A-4B4A-4854-BF2E-6CE3FBF7BB1F}"
EndProject
Project("{FAE04EC0-301F-11D3-BF4B-00C04F79EFBC}") = "06. LongestAreaInArray", "06. LongestAreaInArray\06. LongestAreaInArray.csproj", "{5FADC987-4AE5-4F9F-A157-1AF2A39720A1}"
EndProject
Project("{FAE04EC0-301F-11D3-BF4B-00C04F79EFBC}") = "09. RemoveNames", "09. RemoveNames\09. RemoveNames.csproj", "{DEA254CA-7DEF-44E1-81D7-90F036629659}"
EndProject
Project("{FAE04EC0-301F-11D3-BF4B-00C04F79EFBC}") = "10. JoinLists", "10. JoinLists\10. JoinLists.csproj", "{5F9CBFA5-85E8-42B9-BB0F-EA8905FDC4CC}"
EndProject
Project("{FAE04EC0-301F-11D3-BF4B-00C04F79EFBC}") = "11. CountOfLetters", "11. CountOfLetters\11. CountOfLetters.csproj", "{EDBCB46C-9B15-486E-84D9-95401E4019A4}"
EndProject
Project("{FAE04EC0-301F-11D3-BF4B-00C04F79EFBC}") = "12. CountOfNames", "12. CountOfNames\12. CountOfNames.csproj", "{FAF404AB-B3A6-48E7-B68F-70AD2713321C}"
EndProject
Project("{FAE04EC0-301F-11D3-BF4B-00C04F79EFBC}") = "13. AverageLoadTimeCalculator", "13. AverageLoadTimeCalculator\13. AverageLoadTimeCalculator.csproj", "{265DA39D-D091-4BC7-B594-866BD69AD022}"
EndProject
Project("{FAE04EC0-301F-11D3-BF4B-00C04F79EFBC}") = "14. LongestWordInAText", "14. LongestWordInAText\14. LongestWordInAText.csproj", "{5050727E-A66A-410F-B48A-97C2015F7B2F}"
EndProject
Project("{FAE04EC0-301F-11D3-BF4B-00C04F79EFBC}") = "15. ExtractUrlsFromText", "15. ExtractUrlsFromText\15. ExtractUrlsFromText.csproj", "{678D8658-20DB-47C3-AB38-71D830569919}"
EndProject
Project("{FAE04EC0-301F-11D3-BF4B-00C04F79EFBC}") = "16. CountAWordInAText", "16. CounAWordInAText\16. CountAWordInAText.csproj", "{266532F8-32EB-4216-B5B4-6D397BA1F9AE}"
EndProject
Project("{FAE04EC0-301F-11D3-BF4B-00C04F79EFBC}") = "17. PerimeterAndAreaOfPolygon", "17. PerimeterAndAreaOfPolygon\17. PerimeterAndAreaOfPolygon.csproj", "{7DCD10AE-17F5-40EA-916D-A8CB64D1D3B9}"
EndProject
Project("{FAE04EC0-301F-11D3-BF4B-00C04F79EFBC}") = "07. MatrixOfPalindromes", "07. MatrixOfPalindromes\07. MatrixOfPalindromes.csproj", "{54AE9826-1903-426A-A52F-8267F5700FC9}"
EndProject
Global
	GlobalSection(SolutionConfigurationPlatforms) = preSolution
		Debug|Any CPU = Debug|Any CPU
		Release|Any CPU = Release|Any CPU
	EndGlobalSection
	GlobalSection(ProjectConfigurationPlatforms) = postSolution
		{4B4F1D36-DA48-4DAC-B134-C57DC55F59D2}.Debug|Any CPU.ActiveCfg = Debug|Any CPU
		{4B4F1D36-DA48-4DAC-B134-C57DC55F59D2}.Debug|Any CPU.Build.0 = Debug|Any CPU
		{4B4F1D36-DA48-4DAC-B134-C57DC55F59D2}.Release|Any CPU.ActiveCfg = Release|Any CPU
		{4B4F1D36-DA48-4DAC-B134-C57DC55F59D2}.Release|Any CPU.Build.0 = Release|Any CPU
		{7430DF17-99A6-4D0F-88A5-5D5F27DCA5D8}.Debug|Any CPU.ActiveCfg = Debug|Any CPU
		{7430DF17-99A6-4D0F-88A5-5D5F27DCA5D8}.Debug|Any CPU.Build.0 = Debug|Any CPU
		{7430DF17-99A6-4D0F-88A5-5D5F27DCA5D8}.Release|Any CPU.ActiveCfg = Release|Any CPU
		{7430DF17-99A6-4D0F-88A5-5D5F27DCA5D8}.Release|Any CPU.Build.0 = Release|Any CPU
		{E322C4E7-BFD7-4137-A9FD-C85A51E4CA35}.Debug|Any CPU.ActiveCfg = Debug|Any CPU
		{E322C4E7-BFD7-4137-A9FD-C85A51E4CA35}.Debug|Any CPU.Build.0 = Debug|Any CPU
		{E322C4E7-BFD7-4137-A9FD-C85A51E4CA35}.Release|Any CPU.ActiveCfg = Release|Any CPU
		{E322C4E7-BFD7-4137-A9FD-C85A51E4CA35}.Release|Any CPU.Build.0 = Release|Any CPU
		{D71D8D52-E351-4BAC-B4D8-52BFEEAC3F6F}.Debug|Any CPU.ActiveCfg = Debug|Any CPU
		{D71D8D52-E351-4BAC-B4D8-52BFEEAC3F6F}.Debug|Any CPU.Build.0 = Debug|Any CPU
		{D71D8D52-E351-4BAC-B4D8-52BFEEAC3F6F}.Release|Any CPU.ActiveCfg = Release|Any CPU
		{D71D8D52-E351-4BAC-B4D8-52BFEEAC3F6F}.Release|Any CPU.Build.0 = Release|Any CPU
		{4173879A-4B4A-4854-BF2E-6CE3FBF7BB1F}.Debug|Any CPU.ActiveCfg = Debug|Any CPU
		{4173879A-4B4A-4854-BF2E-6CE3FBF7BB1F}.Debug|Any CPU.Build.0 = Debug|Any CPU
		{4173879A-4B4A-4854-BF2E-6CE3FBF7BB1F}.Release|Any CPU.ActiveCfg = Release|Any CPU
		{4173879A-4B4A-4854-BF2E-6CE3FBF7BB1F}.Release|Any CPU.Build.0 = Release|Any CPU
		{5FADC987-4AE5-4F9F-A157-1AF2A39720A1}.Debug|Any CPU.ActiveCfg = Debug|Any CPU
		{5FADC987-4AE5-4F9F-A157-1AF2A39720A1}.Debug|Any CPU.Build.0 = Debug|Any CPU
		{5FADC987-4AE5-4F9F-A157-1AF2A39720A1}.Release|Any CPU.ActiveCfg = Release|Any CPU
		{5FADC987-4AE5-4F9F-A157-1AF2A39720A1}.Release|Any CPU.Build.0 = Release|Any CPU
		{DEA254CA-7DEF-44E1-81D7-90F036629659}.Debug|Any CPU.ActiveCfg = Debug|Any CPU
		{DEA254CA-7DEF-44E1-81D7-90F036629659}.Debug|Any CPU.Build.0 = Debug|Any CPU
		{DEA254CA-7DEF-44E1-81D7-90F036629659}.Release|Any CPU.ActiveCfg = Release|Any CPU
		{DEA254CA-7DEF-44E1-81D7-90F036629659}.Release|Any CPU.Build.0 = Release|Any CPU
		{5F9CBFA5-85E8-42B9-BB0F-EA8905FDC4CC}.Debug|Any CPU.ActiveCfg = Debug|Any CPU
		{5F9CBFA5-85E8-42B9-BB0F-EA8905FDC4CC}.Debug|Any CPU.Build.0 = Debug|Any CPU
		{5F9CBFA5-85E8-42B9-BB0F-EA8905FDC4CC}.Release|Any CPU.ActiveCfg = Release|Any CPU
		{5F9CBFA5-85E8-42B9-BB0F-EA8905FDC4CC}.Release|Any CPU.Build.0 = Release|Any CPU
		{EDBCB46C-9B15-486E-84D9-95401E4019A4}.Debug|Any CPU.ActiveCfg = Debug|Any CPU
		{EDBCB46C-9B15-486E-84D9-95401E4019A4}.Debug|Any CPU.Build.0 = Debug|Any CPU
		{EDBCB46C-9B15-486E-84D9-95401E4019A4}.Release|Any CPU.ActiveCfg = Release|Any CPU
		{EDBCB46C-9B15-486E-84D9-95401E4019A4}.Release|Any CPU.Build.0 = Release|Any CPU
		{FAF404AB-B3A6-48E7-B68F-70AD2713321C}.Debug|Any CPU.ActiveCfg = Debug|Any CPU
		{FAF404AB-B3A6-48E7-B68F-70AD2713321C}.Debug|Any CPU.Build.0 = Debug|Any CPU
		{FAF404AB-B3A6-48E7-B68F-70AD2713321C}.Release|Any CPU.ActiveCfg = Release|Any CPU
		{FAF404AB-B3A6-48E7-B68F-70AD2713321C}.Release|Any CPU.Build.0 = Release|Any CPU
		{265DA39D-D091-4BC7-B594-866BD69AD022}.Debug|Any CPU.ActiveCfg = Debug|Any CPU
		{265DA39D-D091-4BC7-B594-866BD69AD022}.Debug|Any CPU.Build.0 = Debug|Any CPU
		{265DA39D-D091-4BC7-B594-866BD69AD022}.Release|Any CPU.ActiveCfg = Release|Any CPU
		{265DA39D-D091-4BC7-B594-866BD69AD022}.Release|Any CPU.Build.0 = Release|Any CPU
		{5050727E-A66A-410F-B48A-97C2015F7B2F}.Debug|Any CPU.ActiveCfg = Debug|Any CPU
		{5050727E-A66A-410F-B48A-97C2015F7B2F}.Debug|Any CPU.Build.0 = Debug|Any CPU
		{5050727E-A66A-410F-B48A-97C2015F7B2F}.Release|Any CPU.ActiveCfg = Release|Any CPU
		{5050727E-A66A-410F-B48A-97C2015F7B2F}.Release|Any CPU.Build.0 = Release|Any CPU
		{678D8658-20DB-47C3-AB38-71D830569919}.Debug|Any CPU.ActiveCfg = Debug|Any CPU
		{678D8658-20DB-47C3-AB38-71D830569919}.Debug|Any CPU.Build.0 = Debug|Any CPU
		{678D8658-20DB-47C3-AB38-71D830569919}.Release|Any CPU.ActiveCfg = Release|Any CPU
		{678D8658-20DB-47C3-AB38-71D830569919}.Release|Any CPU.Build.0 = Release|Any CPU
		{266532F8-32EB-4216-B5B4-6D397BA1F9AE}.Debug|Any CPU.ActiveCfg = Debug|Any CPU
		{266532F8-32EB-4216-B5B4-6D397BA1F9AE}.Debug|Any CPU.Build.0 = Debug|Any CPU
		{266532F8-32EB-4216-B5B4-6D397BA1F9AE}.Release|Any CPU.ActiveCfg = Release|Any CPU
		{266532F8-32EB-4216-B5B4-6D397BA1F9AE}.Release|Any CPU.Build.0 = Release|Any CPU
		{7DCD10AE-17F5-40EA-916D-A8CB64D1D3B9}.Debug|Any CPU.ActiveCfg = Debug|Any CPU
		{7DCD10AE-17F5-40EA-916D-A8CB64D1D3B9}.Debug|Any CPU.Build.0 = Debug|Any CPU
		{7DCD10AE-17F5-40EA-916D-A8CB64D1D3B9}.Release|Any CPU.ActiveCfg = Release|Any CPU
		{7DCD10AE-17F5-40EA-916D-A8CB64D1D3B9}.Release|Any CPU.Build.0 = Release|Any CPU
		{54AE9826-1903-426A-A52F-8267F5700FC9}.Debug|Any CPU.ActiveCfg = Debug|Any CPU
		{54AE9826-1903-426A-A52F-8267F5700FC9}.Debug|Any CPU.Build.0 = Debug|Any CPU
		{54AE9826-1903-426A-A52F-8267F5700FC9}.Release|Any CPU.ActiveCfg = Release|Any CPU
		{54AE9826-1903-426A-A52F-8267F5700FC9}.Release|Any CPU.Build.0 = Release|Any CPU
	EndGlobalSection
	GlobalSection(SolutionProperties) = preSolution
		HideSolutionNode = FALSE
	EndGlobalSection
EndGlobal
