
Microsoft Visual Studio Solution File, Format Version 12.00
# Visual Studio 2013
VisualStudioVersion = 12.0.31101.0
MinimumVisualStudioVersion = 10.0.40219.1
Project("{FAE04EC0-301F-11D3-BF4B-00C04F79EFBC}") = "01. SomePrimes", "01. SomePrimes\01. SomePrimes.csproj", "{F006A7FE-0388-4673-88F3-69794C70E393}"
EndProject
Project("{FAE04EC0-301F-11D3-BF4B-00C04F79EFBC}") = "03. SomeFactorials", "03. SomeFactorials\03. SomeFactorials.csproj", "{9B0EBF72-AFD5-4171-A4D8-3BF520FA2A25}"
EndProject
Project("{FAE04EC0-301F-11D3-BF4B-00C04F79EFBC}") = "05. NumeralSystemConversions", "05. NumeralSystemConversions\05. NumeralSystemConversions.csproj", "{204A0406-E7BA-4EBE-B544-5E0937510B0E}"
EndProject
Project("{FAE04EC0-301F-11D3-BF4B-00C04F79EFBC}") = "04. CalculateHypotenuse", "04. CalculateHypotenuse\04. CalculateHypotenuse.csproj", "{E791AB9A-EE83-4003-9241-1C9DBB049A61}"
EndProject
Project("{FAE04EC0-301F-11D3-BF4B-00C04F79EFBC}") = "02. SomeFibonacciPrimes", "02. SomeFibonacciPrimes\02. SomeFibonacciPrimes.csproj", "{24DC6D1C-A8F7-4101-964F-ACBCB9F1F490}"
EndProject
Global
	GlobalSection(SolutionConfigurationPlatforms) = preSolution
		Debug|Any CPU = Debug|Any CPU
		Release|Any CPU = Release|Any CPU
	EndGlobalSection
	GlobalSection(ProjectConfigurationPlatforms) = postSolution
		{F006A7FE-0388-4673-88F3-69794C70E393}.Debug|Any CPU.ActiveCfg = Debug|Any CPU
		{F006A7FE-0388-4673-88F3-69794C70E393}.Debug|Any CPU.Build.0 = Debug|Any CPU
		{F006A7FE-0388-4673-88F3-69794C70E393}.Release|Any CPU.ActiveCfg = Release|Any CPU
		{F006A7FE-0388-4673-88F3-69794C70E393}.Release|Any CPU.Build.0 = Release|Any CPU
		{9B0EBF72-AFD5-4171-A4D8-3BF520FA2A25}.Debug|Any CPU.ActiveCfg = Debug|Any CPU
		{9B0EBF72-AFD5-4171-A4D8-3BF520FA2A25}.Debug|Any CPU.Build.0 = Debug|Any CPU
		{9B0EBF72-AFD5-4171-A4D8-3BF520FA2A25}.Release|Any CPU.ActiveCfg = Release|Any CPU
		{9B0EBF72-AFD5-4171-A4D8-3BF520FA2A25}.Release|Any CPU.Build.0 = Release|Any CPU
		{204A0406-E7BA-4EBE-B544-5E0937510B0E}.Debug|Any CPU.ActiveCfg = Debug|Any CPU
		{204A0406-E7BA-4EBE-B544-5E0937510B0E}.Debug|Any CPU.Build.0 = Debug|Any CPU
		{204A0406-E7BA-4EBE-B544-5E0937510B0E}.Release|Any CPU.ActiveCfg = Release|Any CPU
		{204A0406-E7BA-4EBE-B544-5E0937510B0E}.Release|Any CPU.Build.0 = Release|Any CPU
		{E791AB9A-EE83-4003-9241-1C9DBB049A61}.Debug|Any CPU.ActiveCfg = Debug|Any CPU
		{E791AB9A-EE83-4003-9241-1C9DBB049A61}.Debug|Any CPU.Build.0 = Debug|Any CPU
		{E791AB9A-EE83-4003-9241-1C9DBB049A61}.Release|Any CPU.ActiveCfg = Release|Any CPU
		{E791AB9A-EE83-4003-9241-1C9DBB049A61}.Release|Any CPU.Build.0 = Release|Any CPU
		{24DC6D1C-A8F7-4101-964F-ACBCB9F1F490}.Debug|Any CPU.ActiveCfg = Debug|Any CPU
		{24DC6D1C-A8F7-4101-964F-ACBCB9F1F490}.Debug|Any CPU.Build.0 = Debug|Any CPU
		{24DC6D1C-A8F7-4101-964F-ACBCB9F1F490}.Release|Any CPU.ActiveCfg = Release|Any CPU
		{24DC6D1C-A8F7-4101-964F-ACBCB9F1F490}.Release|Any CPU.Build.0 = Release|Any CPU
	EndGlobalSection
	GlobalSection(SolutionProperties) = preSolution
		HideSolutionNode = FALSE
	EndGlobalSection
EndGlobal
